
Microsoft Visual Studio Solution File, Format Version 12.00
# Visual Studio Version 17
VisualStudioVersion = 17.12.35527.113 d17.12
MinimumVisualStudioVersion = 10.0.40219.1
Project("{2150E333-8FDC-42A3-9474-1A3956D46DE8}") = "Solution Items", "Solution Items", "{0B435C22-55CB-4F42-967C-3B363C59E4E7}"
	ProjectSection(SolutionItems) = preProject
		.gitignore = .gitignore
	EndProjectSection
EndProject
Project("{2150E333-8FDC-42A3-9474-1A3956D46DE8}") = "src", "src", "{DA1848C2-F44B-48FB-99A0-ABAE8B567759}"
EndProject
Project("{2150E333-8FDC-42A3-9474-1A3956D46DE8}") = "test", "test", "{4C59F890-37A0-47CD-8FE5-78F82E5DE20A}"
EndProject
Project("{2150E333-8FDC-42A3-9474-1A3956D46DE8}") = "Core", "Core", "{FE61C713-CF4A-41D9-B895-13CF523E5413}"
EndProject
Project("{2150E333-8FDC-42A3-9474-1A3956D46DE8}") = "UI", "UI", "{B681EC29-996B-4B76-A247-B4D920CF8C71}"
EndProject
Project("{2150E333-8FDC-42A3-9474-1A3956D46DE8}") = "Infrastructure", "Infrastructure", "{F219650B-5E53-4ACD-82A8-A68F8E5A7FA9}"
EndProject
Project("{2150E333-8FDC-42A3-9474-1A3956D46DE8}") = "API", "API", "{AD3A176A-5B23-42D0-A099-2474E516EC07}"
EndProject
Project("{FAE04EC0-301F-11D3-BF4B-00C04F79EFBC}") = "SkillHub.Domain", "SkillHub.Domain\SkillHub.Domain.csproj", "{A2C5CAEF-7AF4-40EA-92CB-0AF7A4564CA5}"
EndProject
Project("{FAE04EC0-301F-11D3-BF4B-00C04F79EFBC}") = "SkillHub.Application", "SkillHub.Application\SkillHub.Application.csproj", "{2D6E68AF-FD7E-42B0-B7BB-FE163FB16598}"
EndProject
Project("{FAE04EC0-301F-11D3-BF4B-00C04F79EFBC}") = "SkillHub.Persistence", "SkillHub.Persistence\SkillHub.Persistence.csproj", "{E5F26A87-8DEC-4C1C-AD7E-93EB0448F72E}"
EndProject
Project("{FAE04EC0-301F-11D3-BF4B-00C04F79EFBC}") = "SkillHub.Infrastructure", "SkillHub.Infrastructure\SkillHub.Infrastructure.csproj", "{809C4268-53B8-4F6C-A832-19526BC9B370}"
EndProject
Project("{FAE04EC0-301F-11D3-BF4B-00C04F79EFBC}") = "SkillHub.API", "SkillHub.API\SkillHub.API.csproj", "{5412F431-7869-485D-974F-CF3CE4921E1F}"
EndProject
Global
	GlobalSection(SolutionConfigurationPlatforms) = preSolution
		Debug|Any CPU = Debug|Any CPU
		Release|Any CPU = Release|Any CPU
	EndGlobalSection
	GlobalSection(ProjectConfigurationPlatforms) = postSolution
		{A2C5CAEF-7AF4-40EA-92CB-0AF7A4564CA5}.Debug|Any CPU.ActiveCfg = Debug|Any CPU
		{A2C5CAEF-7AF4-40EA-92CB-0AF7A4564CA5}.Debug|Any CPU.Build.0 = Debug|Any CPU
		{A2C5CAEF-7AF4-40EA-92CB-0AF7A4564CA5}.Release|Any CPU.ActiveCfg = Release|Any CPU
		{A2C5CAEF-7AF4-40EA-92CB-0AF7A4564CA5}.Release|Any CPU.Build.0 = Release|Any CPU
		{2D6E68AF-FD7E-42B0-B7BB-FE163FB16598}.Debug|Any CPU.ActiveCfg = Debug|Any CPU
		{2D6E68AF-FD7E-42B0-B7BB-FE163FB16598}.Debug|Any CPU.Build.0 = Debug|Any CPU
		{2D6E68AF-FD7E-42B0-B7BB-FE163FB16598}.Release|Any CPU.ActiveCfg = Release|Any CPU
		{2D6E68AF-FD7E-42B0-B7BB-FE163FB16598}.Release|Any CPU.Build.0 = Release|Any CPU
		{E5F26A87-8DEC-4C1C-AD7E-93EB0448F72E}.Debug|Any CPU.ActiveCfg = Debug|Any CPU
		{E5F26A87-8DEC-4C1C-AD7E-93EB0448F72E}.Debug|Any CPU.Build.0 = Debug|Any CPU
		{E5F26A87-8DEC-4C1C-AD7E-93EB0448F72E}.Release|Any CPU.ActiveCfg = Release|Any CPU
		{E5F26A87-8DEC-4C1C-AD7E-93EB0448F72E}.Release|Any CPU.Build.0 = Release|Any CPU
		{809C4268-53B8-4F6C-A832-19526BC9B370}.Debug|Any CPU.ActiveCfg = Debug|Any CPU
		{809C4268-53B8-4F6C-A832-19526BC9B370}.Debug|Any CPU.Build.0 = Debug|Any CPU
		{809C4268-53B8-4F6C-A832-19526BC9B370}.Release|Any CPU.ActiveCfg = Release|Any CPU
		{809C4268-53B8-4F6C-A832-19526BC9B370}.Release|Any CPU.Build.0 = Release|Any CPU
		{5412F431-7869-485D-974F-CF3CE4921E1F}.Debug|Any CPU.ActiveCfg = Debug|Any CPU
		{5412F431-7869-485D-974F-CF3CE4921E1F}.Debug|Any CPU.Build.0 = Debug|Any CPU
		{5412F431-7869-485D-974F-CF3CE4921E1F}.Release|Any CPU.ActiveCfg = Release|Any CPU
		{5412F431-7869-485D-974F-CF3CE4921E1F}.Release|Any CPU.Build.0 = Release|Any CPU
	EndGlobalSection
	GlobalSection(SolutionProperties) = preSolution
		HideSolutionNode = FALSE
	EndGlobalSection
	GlobalSection(NestedProjects) = preSolution
		{DA1848C2-F44B-48FB-99A0-ABAE8B567759} = {0B435C22-55CB-4F42-967C-3B363C59E4E7}
		{4C59F890-37A0-47CD-8FE5-78F82E5DE20A} = {0B435C22-55CB-4F42-967C-3B363C59E4E7}
		{FE61C713-CF4A-41D9-B895-13CF523E5413} = {DA1848C2-F44B-48FB-99A0-ABAE8B567759}
		{B681EC29-996B-4B76-A247-B4D920CF8C71} = {DA1848C2-F44B-48FB-99A0-ABAE8B567759}
		{F219650B-5E53-4ACD-82A8-A68F8E5A7FA9} = {DA1848C2-F44B-48FB-99A0-ABAE8B567759}
		{AD3A176A-5B23-42D0-A099-2474E516EC07} = {DA1848C2-F44B-48FB-99A0-ABAE8B567759}
		{A2C5CAEF-7AF4-40EA-92CB-0AF7A4564CA5} = {FE61C713-CF4A-41D9-B895-13CF523E5413}
		{2D6E68AF-FD7E-42B0-B7BB-FE163FB16598} = {FE61C713-CF4A-41D9-B895-13CF523E5413}
		{E5F26A87-8DEC-4C1C-AD7E-93EB0448F72E} = {F219650B-5E53-4ACD-82A8-A68F8E5A7FA9}
		{809C4268-53B8-4F6C-A832-19526BC9B370} = {F219650B-5E53-4ACD-82A8-A68F8E5A7FA9}
		{5412F431-7869-485D-974F-CF3CE4921E1F} = {AD3A176A-5B23-42D0-A099-2474E516EC07}
	EndGlobalSection
EndGlobal
